{
  "name": "app",
  "lockfileVersion": 3,
  "requires": true,
  "packages": {
    "": {
      "dependencies": {
        "@yowasp/openfpgaloader": "^1.1.1-18.211"
      }
    },
    "node_modules/@yowasp/openfpgaloader": {
      "version": "1.1.1-18.211",
      "resolved": "https://registry.npmjs.org/@yowasp/openfpgaloader/-/openfpgaloader-1.1.1-18.211.tgz",
      "integrity": "sha512-ewbKFMlR5W0oLtdzQRUexedTh6i5azVJ37WbwaNWVUnHZjcKZcQwCs+hhs/9wLdMYQFcdfZBmS3zDlgtOlu/gg==",
      "license": "ISC"
    }
  }
}
