{
  "name": "app",
  "lockfileVersion": 3,
  "requires": true,
  "packages": {
    "": {
      "dependencies": {
        "@yowasp/openfpgaloader": "^1.1.1-26.212"
      }
    },
    "node_modules/@yowasp/openfpgaloader": {
      "version": "1.1.1-26.212",
      "resolved": "https://registry.npmjs.org/@yowasp/openfpgaloader/-/openfpgaloader-1.1.1-26.212.tgz",
      "integrity": "sha512-1tzbFDYeF0r91OCUMSnFSAFW9ORrdh47W9UTTWmArcSjp2dl4QYU/XoxteDsG6CR5RPwQS2IacAziEAzaYeOYg==",
      "license": "ISC"
    }
  }
}
